// !$*UTF8*$!
{
	archiveVersion = 1;
	classes = {
	};
	objectVersion = 46;
	objects = {

/* Begin PBXBuildFile section */
		A82C4F0D1C463C5B00FE0539 /* AppDelegate.swift in Sources */ = {isa = PBXBuildFile; fileRef = A82C4F0C1C463C5B00FE0539 /* AppDelegate.swift */; };
		A82C4F0F1C463C5B00FE0539 /* ViewController.swift in Sources */ = {isa = PBXBuildFile; fileRef = A82C4F0E1C463C5B00FE0539 /* ViewController.swift */; };
		A82C4F121C463C5B00FE0539 /* Main.storyboard in Resources */ = {isa = PBXBuildFile; fileRef = A82C4F101C463C5B00FE0539 /* Main.storyboard */; };
		A82C4F141C463C5B00FE0539 /* Assets.xcassets in Resources */ = {isa = PBXBuildFile; fileRef = A82C4F131C463C5B00FE0539 /* Assets.xcassets */; };
		A82C4F171C463C5B00FE0539 /* LaunchScreen.storyboard in Resources */ = {isa = PBXBuildFile; fileRef = A82C4F151C463C5B00FE0539 /* LaunchScreen.storyboard */; };
		A85F59531C4E26E000399405 /* _2_FoodTrackerTests.swift in Sources */ = {isa = PBXBuildFile; fileRef = A85F59521C4E26E000399405 /* _2_FoodTrackerTests.swift */; };
		A85F595B1C4E270E00399405 /* Meal.swift in Sources */ = {isa = PBXBuildFile; fileRef = A85F595A1C4E270E00399405 /* Meal.swift */; };
		A85F595C1C4E270E00399405 /* Meal.swift in Sources */ = {isa = PBXBuildFile; fileRef = A85F595A1C4E270E00399405 /* Meal.swift */; };
		A8F2D9C51C4A2B850028F427 /* RatingControll.swift in Sources */ = {isa = PBXBuildFile; fileRef = A8F2D9C41C4A2B850028F427 /* RatingControll.swift */; };
/* End PBXBuildFile section */

/* Begin PBXContainerItemProxy section */
		A85F59551C4E26E000399405 /* PBXContainerItemProxy */ = {
			isa = PBXContainerItemProxy;
			containerPortal = A82C4F011C463C5B00FE0539 /* Project object */;
			proxyType = 1;
			remoteGlobalIDString = A82C4F081C463C5B00FE0539;
			remoteInfo = 02_FoodTracker;
		};
/* End PBXContainerItemProxy section */

/* Begin PBXFileReference section */
		A82C4F091C463C5B00FE0539 /* 02_FoodTracker.app */ = {isa = PBXFileReference; explicitFileType = wrapper.application; includeInIndex = 0; path = 02_FoodTracker.app; sourceTree = BUILT_PRODUCTS_DIR; };
		A82C4F0C1C463C5B00FE0539 /* AppDelegate.swift */ = {isa = PBXFileReference; lastKnownFileType = sourcecode.swift; path = AppDelegate.swift; sourceTree = "<group>"; };
		A82C4F0E1C463C5B00FE0539 /* ViewController.swift */ = {isa = PBXFileReference; lastKnownFileType = sourcecode.swift; path = ViewController.swift; sourceTree = "<group>"; };
		A82C4F111C463C5B00FE0539 /* Base */ = {isa = PBXFileReference; lastKnownFileType = file.storyboard; name = Base; path = Base.lproj/Main.storyboard; sourceTree = "<group>"; };
		A82C4F131C463C5B00FE0539 /* Assets.xcassets */ = {isa = PBXFileReference; lastKnownFileType = folder.assetcatalog; path = Assets.xcassets; sourceTree = "<group>"; };
		A82C4F161C463C5B00FE0539 /* Base */ = {isa = PBXFileReference; lastKnownFileType = file.storyboard; name = Base; path = Base.lproj/LaunchScreen.storyboard; sourceTree = "<group>"; };
		A82C4F181C463C5B00FE0539 /* Info.plist */ = {isa = PBXFileReference; lastKnownFileType = text.plist.xml; path = Info.plist; sourceTree = "<group>"; };
		A85F59501C4E26E000399405 /* 02_FoodTrackerTests.xctest */ = {isa = PBXFileReference; explicitFileType = wrapper.cfbundle; includeInIndex = 0; path = 02_FoodTrackerTests.xctest; sourceTree = BUILT_PRODUCTS_DIR; };
		A85F59521C4E26E000399405 /* _2_FoodTrackerTests.swift */ = {isa = PBXFileReference; lastKnownFileType = sourcecode.swift; path = _2_FoodTrackerTests.swift; sourceTree = "<group>"; };
		A85F59541C4E26E000399405 /* Info.plist */ = {isa = PBXFileReference; lastKnownFileType = text.plist.xml; path = Info.plist; sourceTree = "<group>"; };
		A85F595A1C4E270E00399405 /* Meal.swift */ = {isa = PBXFileReference; fileEncoding = 4; lastKnownFileType = sourcecode.swift; path = Meal.swift; sourceTree = "<group>"; };
		A8F2D9C41C4A2B850028F427 /* RatingControll.swift */ = {isa = PBXFileReference; fileEncoding = 4; lastKnownFileType = sourcecode.swift; path = RatingControll.swift; sourceTree = "<group>"; };
/* End PBXFileReference section */

/* Begin PBXFrameworksBuildPhase section */
		A82C4F061C463C5B00FE0539 /* Frameworks */ = {
			isa = PBXFrameworksBuildPhase;
			buildActionMask = 2147483647;
			files = (
			);
			runOnlyForDeploymentPostprocessing = 0;
		};
		A85F594D1C4E26E000399405 /* Frameworks */ = {
			isa = PBXFrameworksBuildPhase;
			buildActionMask = 2147483647;
			files = (
			);
			runOnlyForDeploymentPostprocessing = 0;
		};
/* End PBXFrameworksBuildPhase section */

/* Begin PBXGroup section */
		A82C4F001C463C5B00FE0539 = {
			isa = PBXGroup;
			children = (
				A85F595A1C4E270E00399405 /* Meal.swift */,
				A82C4F0B1C463C5B00FE0539 /* 02_FoodTracker */,
				A85F59511C4E26E000399405 /* 02_FoodTrackerTests */,
				A82C4F0A1C463C5B00FE0539 /* Products */,
			);
			sourceTree = "<group>";
		};
		A82C4F0A1C463C5B00FE0539 /* Products */ = {
			isa = PBXGroup;
			children = (
				A82C4F091C463C5B00FE0539 /* 02_FoodTracker.app */,
				A85F59501C4E26E000399405 /* 02_FoodTrackerTests.xctest */,
			);
			name = Products;
			sourceTree = "<group>";
		};
		A82C4F0B1C463C5B00FE0539 /* 02_FoodTracker */ = {
			isa = PBXGroup;
			children = (
				A82C4F0C1C463C5B00FE0539 /* AppDelegate.swift */,
				A82C4F0E1C463C5B00FE0539 /* ViewController.swift */,
				A8F2D9C41C4A2B850028F427 /* RatingControll.swift */,
				A82C4F101C463C5B00FE0539 /* Main.storyboard */,
				A82C4F131C463C5B00FE0539 /* Assets.xcassets */,
				A82C4F151C463C5B00FE0539 /* LaunchScreen.storyboard */,
				A82C4F181C463C5B00FE0539 /* Info.plist */,
			);
			path = 02_FoodTracker;
			sourceTree = "<group>";
		};
		A85F59511C4E26E000399405 /* 02_FoodTrackerTests */ = {
			isa = PBXGroup;
			children = (
				A85F59521C4E26E000399405 /* _2_FoodTrackerTests.swift */,
				A85F59541C4E26E000399405 /* Info.plist */,
			);
			path = 02_FoodTrackerTests;
			sourceTree = "<group>";
		};
/* End PBXGroup section */

/* Begin PBXNativeTarget section */
		A82C4F081C463C5B00FE0539 /* 02_FoodTracker */ = {
			isa = PBXNativeTarget;
			buildConfigurationList = A82C4F1B1C463C5B00FE0539 /* Build configuration list for PBXNativeTarget "02_FoodTracker" */;
			buildPhases = (
				A82C4F051C463C5B00FE0539 /* Sources */,
				A82C4F061C463C5B00FE0539 /* Frameworks */,
				A82C4F071C463C5B00FE0539 /* Resources */,
			);
			buildRules = (
			);
			dependencies = (
			);
			name = 02_FoodTracker;
			productName = 02_FoodTracker;
			productReference = A82C4F091C463C5B00FE0539 /* 02_FoodTracker.app */;
			productType = "com.apple.product-type.application";
		};
		A85F594F1C4E26E000399405 /* 02_FoodTrackerTests */ = {
			isa = PBXNativeTarget;
			buildConfigurationList = A85F59591C4E26E000399405 /* Build configuration list for PBXNativeTarget "02_FoodTrackerTests" */;
			buildPhases = (
				A85F594C1C4E26E000399405 /* Sources */,
				A85F594D1C4E26E000399405 /* Frameworks */,
				A85F594E1C4E26E000399405 /* Resources */,
			);
			buildRules = (
			);
			dependencies = (
				A85F59561C4E26E000399405 /* PBXTargetDependency */,
			);
			name = 02_FoodTrackerTests;
			productName = 02_FoodTrackerTests;
			productReference = A85F59501C4E26E000399405 /* 02_FoodTrackerTests.xctest */;
			productType = "com.apple.product-type.bundle.unit-test";
		};
/* End PBXNativeTarget section */

/* Begin PBXProject section */
		A82C4F011C463C5B00FE0539 /* Project object */ = {
			isa = PBXProject;
			attributes = {
				LastSwiftUpdateCheck = 0720;
				LastUpgradeCheck = 0720;
				ORGANIZATIONNAME = penginryo;
				TargetAttributes = {
					A82C4F081C463C5B00FE0539 = {
						CreatedOnToolsVersion = 7.2;
					};
					A85F594F1C4E26E000399405 = {
						CreatedOnToolsVersion = 7.2;
						TestTargetID = A82C4F081C463C5B00FE0539;
					};
				};
			};
			buildConfigurationList = A82C4F041C463C5B00FE0539 /* Build configuration list for PBXProject "02_FoodTracker" */;
			compatibilityVersion = "Xcode 3.2";
			developmentRegion = English;
			hasScannedForEncodings = 0;
			knownRegions = (
				en,
				Base,
			);
			mainGroup = A82C4F001C463C5B00FE0539;
			productRefGroup = A82C4F0A1C463C5B00FE0539 /* Products */;
			projectDirPath = "";
			projectRoot = "";
			targets = (
				A82C4F081C463C5B00FE0539 /* 02_FoodTracker */,
				A85F594F1C4E26E000399405 /* 02_FoodTrackerTests */,
			);
		};
/* End PBXProject section */

/* Begin PBXResourcesBuildPhase section */
		A82C4F071C463C5B00FE0539 /* Resources */ = {
			isa = PBXResourcesBuildPhase;
			buildActionMask = 2147483647;
			files = (
				A82C4F171C463C5B00FE0539 /* LaunchScreen.storyboard in Resources */,
				A82C4F141C463C5B00FE0539 /* Assets.xcassets in Resources */,
				A82C4F121C463C5B00FE0539 /* Main.storyboard in Resources */,
			);
			runOnlyForDeploymentPostprocessing = 0;
		};
		A85F594E1C4E26E000399405 /* Resources */ = {
			isa = PBXResourcesBuildPhase;
			buildActionMask = 2147483647;
			files = (
			);
			runOnlyForDeploymentPostprocessing = 0;
		};
/* End PBXResourcesBuildPhase section */

/* Begin PBXSourcesBuildPhase section */
		A82C4F051C463C5B00FE0539 /* Sources */ = {
			isa = PBXSourcesBuildPhase;
			buildActionMask = 2147483647;
			files = (
				A85F595B1C4E270E00399405 /* Meal.swift in Sources */,
				A8F2D9C51C4A2B850028F427 /* RatingControll.swift in Sources */,
				A82C4F0F1C463C5B00FE0539 /* ViewController.swift in Sources */,
				A82C4F0D1C463C5B00FE0539 /* AppDelegate.swift in Sources */,
			);
			runOnlyForDeploymentPostprocessing = 0;
		};
		A85F594C1C4E26E000399405 /* Sources */ = {
			isa = PBXSourcesBuildPhase;
			buildActionMask = 2147483647;
			files = (
				A85F595C1C4E270E00399405 /* Meal.swift in Sources */,
				A85F59531C4E26E000399405 /* _2_FoodTrackerTests.swift in Sources */,
			);
			runOnlyForDeploymentPostprocessing = 0;
		};
/* End PBXSourcesBuildPhase section */

/* Begin PBXTargetDependency section */
		A85F59561C4E26E000399405 /* PBXTargetDependency */ = {
			isa = PBXTargetDependency;
			target = A82C4F081C463C5B00FE0539 /* 02_FoodTracker */;
			targetProxy = A85F59551C4E26E000399405 /* PBXContainerItemProxy */;
		};
/* End PBXTargetDependency section */

/* Begin PBXVariantGroup section */
		A82C4F101C463C5B00FE0539 /* Main.storyboard */ = {
			isa = PBXVariantGroup;
			children = (
				A82C4F111C463C5B00FE0539 /* Base */,
			);
			name = Main.storyboard;
			sourceTree = "<group>";
		};
		A82C4F151C463C5B00FE0539 /* LaunchScreen.storyboard */ = {
			isa = PBXVariantGroup;
			children = (
				A82C4F161C463C5B00FE0539 /* Base */,
			);
			name = LaunchScreen.storyboard;
			sourceTree = "<group>";
		};
/* End PBXVariantGroup section */

/* Begin XCBuildConfiguration section */
		A82C4F191C463C5B00FE0539 /* Debug */ = {
			isa = XCBuildConfiguration;
			buildSettings = {
				ALWAYS_SEARCH_USER_PATHS = NO;
				CLANG_CXX_LANGUAGE_STANDARD = "gnu++0x";
				CLANG_CXX_LIBRARY = "libc++";
				CLANG_ENABLE_MODULES = YES;
				CLANG_ENABLE_OBJC_ARC = YES;
				CLANG_WARN_BOOL_CONVERSION = YES;
				CLANG_WARN_CONSTANT_CONVERSION = YES;
				CLANG_WARN_DIRECT_OBJC_ISA_USAGE = YES_ERROR;
				CLANG_WARN_EMPTY_BODY = YES;
				CLANG_WARN_ENUM_CONVERSION = YES;
				CLANG_WARN_INT_CONVERSION = YES;
				CLANG_WARN_OBJC_ROOT_CLASS = YES_ERROR;
				CLANG_WARN_UNREACHABLE_CODE = YES;
				CLANG_WARN__DUPLICATE_METHOD_MATCH = YES;
				"CODE_SIGN_IDENTITY[sdk=iphoneos*]" = "iPhone Developer";
				COPY_PHASE_STRIP = NO;
				DEBUG_INFORMATION_FORMAT = dwarf;
				ENABLE_STRICT_OBJC_MSGSEND = YES;
				ENABLE_TESTABILITY = YES;
				GCC_C_LANGUAGE_STANDARD = gnu99;
				GCC_DYNAMIC_NO_PIC = NO;
				GCC_NO_COMMON_BLOCKS = YES;
				GCC_OPTIMIZATION_LEVEL = 0;
				GCC_PREPROCESSOR_DEFINITIONS = (
					"DEBUG=1",
					"$(inherited)",
				);
				GCC_WARN_64_TO_32_BIT_CONVERSION = YES;
				GCC_WARN_ABOUT_RETURN_TYPE = YES_ERROR;
				GCC_WARN_UNDECLARED_SELECTOR = YES;
				GCC_WARN_UNINITIALIZED_AUTOS = YES_AGGRESSIVE;
				GCC_WARN_UNUSED_FUNCTION = YES;
				GCC_WARN_UNUSED_VARIABLE = YES;
				IPHONEOS_DEPLOYMENT_TARGET = 9.2;
				MTL_ENABLE_DEBUG_INFO = YES;
				ONLY_ACTIVE_ARCH = YES;
				SDKROOT = iphoneos;
				SWIFT_OPTIMIZATION_LEVEL = "-Onone";
			};
			name = Debug;
		};
		A82C4F1A1C463C5B00FE0539 /* Release */ = {
			isa = XCBuildConfiguration;
			buildSettings = {
				ALWAYS_SEARCH_USER_PATHS = NO;
				CLANG_CXX_LANGUAGE_STANDARD = "gnu++0x";
				CLANG_CXX_LIBRARY = "libc++";
				CLANG_ENABLE_MODULES = YES;
				CLANG_ENABLE_OBJC_ARC = YES;
				CLANG_WARN_BOOL_CONVERSION = YES;
				CLANG_WARN_CONSTANT_CONVERSION = YES;
				CLANG_WARN_DIRECT_OBJC_ISA_USAGE = YES_ERROR;
				CLANG_WARN_EMPTY_BODY = YES;
				CLANG_WARN_ENUM_CONVERSION = YES;
				CLANG_WARN_INT_CONVERSION = YES;
				CLANG_WARN_OBJC_ROOT_CLASS = YES_ERROR;
				CLANG_WARN_UNREACHABLE_CODE = YES;
				CLANG_WARN__DUPLICATE_METHOD_MATCH = YES;
				"CODE_SIGN_IDENTITY[sdk=iphoneos*]" = "iPhone Developer";
				COPY_PHASE_STRIP = NO;
				DEBUG_INFORMATION_FORMAT = "dwarf-with-dsym";
				ENABLE_NS_ASSERTIONS = NO;
				ENABLE_STRICT_OBJC_MSGSEND = YES;
				GCC_C_LANGUAGE_STANDARD = gnu99;
				GCC_NO_COMMON_BLOCKS = YES;
				GCC_WARN_64_TO_32_BIT_CONVERSION = YES;
				GCC_WARN_ABOUT_RETURN_TYPE = YES_ERROR;
				GCC_WARN_UNDECLARED_SELECTOR = YES;
				GCC_WARN_UNINITIALIZED_AUTOS = YES_AGGRESSIVE;
				GCC_WARN_UNUSED_FUNCTION = YES;
				GCC_WARN_UNUSED_VARIABLE = YES;
				IPHONEOS_DEPLOYMENT_TARGET = 9.2;
				MTL_ENABLE_DEBUG_INFO = NO;
				SDKROOT = iphoneos;
				VALIDATE_PRODUCT = YES;
			};
			name = Release;
		};
		A82C4F1C1C463C5B00FE0539 /* Debug */ = {
			isa = XCBuildConfiguration;
			buildSettings = {
				ASSETCATALOG_COMPILER_APPICON_NAME = AppIcon;
				INFOPLIST_FILE = 02_FoodTracker/Info.plist;
				IPHONEOS_DEPLOYMENT_TARGET = 9.2;
				LD_RUNPATH_SEARCH_PATHS = "$(inherited) @executable_path/Frameworks";
				PRODUCT_BUNDLE_IDENTIFIER = "com.penginryo.-2-FoodTracker";
				PRODUCT_NAME = "$(TARGET_NAME)";
			};
			name = Debug;
		};
		A82C4F1D1C463C5B00FE0539 /* Release */ = {
			isa = XCBuildConfiguration;
			buildSettings = {
				ASSETCATALOG_COMPILER_APPICON_NAME = AppIcon;
				INFOPLIST_FILE = 02_FoodTracker/Info.plist;
				IPHONEOS_DEPLOYMENT_TARGET = 9.2;
				LD_RUNPATH_SEARCH_PATHS = "$(inherited) @executable_path/Frameworks";
				PRODUCT_BUNDLE_IDENTIFIER = "com.penginryo.-2-FoodTracker";
				PRODUCT_NAME = "$(TARGET_NAME)";
			};
			name = Release;
		};
		A85F59571C4E26E000399405 /* Debug */ = {
			isa = XCBuildConfiguration;
			buildSettings = {
				BUNDLE_LOADER = "$(TEST_HOST)";
				INFOPLIST_FILE = 02_FoodTrackerTests/Info.plist;
				LD_RUNPATH_SEARCH_PATHS = "$(inherited) @executable_path/Frameworks @loader_path/Frameworks";
				PRODUCT_BUNDLE_IDENTIFIER = "com.penginryo.-2-FoodTrackerTests";
				PRODUCT_NAME = "$(TARGET_NAME)";
				TEST_HOST = "$(BUILT_PRODUCTS_DIR)/02_FoodTracker.app/02_FoodTracker";
			};
			name = Debug;
		};
		A85F59581C4E26E000399405 /* Release */ = {
			isa = XCBuildConfiguration;
			buildSettings = {
				BUNDLE_LOADER = "$(TEST_HOST)";
				INFOPLIST_FILE = 02_FoodTrackerTests/Info.plist;
				LD_RUNPATH_SEARCH_PATHS = "$(inherited) @executable_path/Frameworks @loader_path/Frameworks";
				PRODUCT_BUNDLE_IDENTIFIER = "com.penginryo.-2-FoodTrackerTests";
				PRODUCT_NAME = "$(TARGET_NAME)";
				TEST_HOST = "$(BUILT_PRODUCTS_DIR)/02_FoodTracker.app/02_FoodTracker";
			};
			name = Release;
		};
/* End XCBuildConfiguration section */

/* Begin XCConfigurationList section */
		A82C4F041C463C5B00FE0539 /* Build configuration list for PBXProject "02_FoodTracker" */ = {
			isa = XCConfigurationList;
			buildConfigurations = (
				A82C4F191C463C5B00FE0539 /* Debug */,
				A82C4F1A1C463C5B00FE0539 /* Release */,
			);
			defaultConfigurationIsVisible = 0;
			defaultConfigurationName = Release;
		};
		A82C4F1B1C463C5B00FE0539 /* Build configuration list for PBXNativeTarget "02_FoodTracker" */ = {
			isa = XCConfigurationList;
			buildConfigurations = (
				A82C4F1C1C463C5B00FE0539 /* Debug */,
				A82C4F1D1C463C5B00FE0539 /* Release */,
			);
			defaultConfigurationIsVisible = 0;
			defaultConfigurationName = Release;
		};
		A85F59591C4E26E000399405 /* Build configuration list for PBXNativeTarget "02_FoodTrackerTests" */ = {
			isa = XCConfigurationList;
			buildConfigurations = (
				A85F59571C4E26E000399405 /* Debug */,
				A85F59581C4E26E000399405 /* Release */,
			);
			defaultConfigurationIsVisible = 0;
		};
/* End XCConfigurationList section */
	};
	rootObject = A82C4F011C463C5B00FE0539 /* Project object */;
}
