// !$*UTF8*$!
{
	archiveVersion = 1;
	classes = {
	};
	objectVersion = 46;
	objects = {

/* Begin PBXBuildFile section */
		A844C8E71C3F966F00DFC213 /* AppDelegate.swift in Sources */ = {isa = PBXBuildFile; fileRef = A844C8E61C3F966F00DFC213 /* AppDelegate.swift */; };
		A844C8E91C3F966F00DFC213 /* ViewController.swift in Sources */ = {isa = PBXBuildFile; fileRef = A844C8E81C3F966F00DFC213 /* ViewController.swift */; };
		A844C8EC1C3F966F00DFC213 /* Main.storyboard in Resources */ = {isa = PBXBuildFile; fileRef = A844C8EA1C3F966F00DFC213 /* Main.storyboard */; };
		A844C8EE1C3F966F00DFC213 /* Assets.xcassets in Resources */ = {isa = PBXBuildFile; fileRef = A844C8ED1C3F966F00DFC213 /* Assets.xcassets */; };
		A844C8F11C3F966F00DFC213 /* LaunchScreen.storyboard in Resources */ = {isa = PBXBuildFile; fileRef = A844C8EF1C3F966F00DFC213 /* LaunchScreen.storyboard */; };
/* End PBXBuildFile section */

/* Begin PBXFileReference section */
		A844C8E31C3F966F00DFC213 /* 01_TapIncrement.app */ = {isa = PBXFileReference; explicitFileType = wrapper.application; includeInIndex = 0; path = 01_TapIncrement.app; sourceTree = BUILT_PRODUCTS_DIR; };
		A844C8E61C3F966F00DFC213 /* AppDelegate.swift */ = {isa = PBXFileReference; lastKnownFileType = sourcecode.swift; path = AppDelegate.swift; sourceTree = "<group>"; };
		A844C8E81C3F966F00DFC213 /* ViewController.swift */ = {isa = PBXFileReference; lastKnownFileType = sourcecode.swift; path = ViewController.swift; sourceTree = "<group>"; };
		A844C8EB1C3F966F00DFC213 /* Base */ = {isa = PBXFileReference; lastKnownFileType = file.storyboard; name = Base; path = Base.lproj/Main.storyboard; sourceTree = "<group>"; };
		A844C8ED1C3F966F00DFC213 /* Assets.xcassets */ = {isa = PBXFileReference; lastKnownFileType = folder.assetcatalog; path = Assets.xcassets; sourceTree = "<group>"; };
		A844C8F01C3F966F00DFC213 /* Base */ = {isa = PBXFileReference; lastKnownFileType = file.storyboard; name = Base; path = Base.lproj/LaunchScreen.storyboard; sourceTree = "<group>"; };
		A844C8F21C3F966F00DFC213 /* Info.plist */ = {isa = PBXFileReference; lastKnownFileType = text.plist.xml; path = Info.plist; sourceTree = "<group>"; };
/* End PBXFileReference section */

/* Begin PBXFrameworksBuildPhase section */
		A844C8E01C3F966F00DFC213 /* Frameworks */ = {
			isa = PBXFrameworksBuildPhase;
			buildActionMask = 2147483647;
			files = (
			);
			runOnlyForDeploymentPostprocessing = 0;
		};
/* End PBXFrameworksBuildPhase section */

/* Begin PBXGroup section */
		A844C8DA1C3F966E00DFC213 = {
			isa = PBXGroup;
			children = (
				A844C8E51C3F966F00DFC213 /* 01_TapIncrement */,
				A844C8E41C3F966F00DFC213 /* Products */,
			);
			sourceTree = "<group>";
		};
		A844C8E41C3F966F00DFC213 /* Products */ = {
			isa = PBXGroup;
			children = (
				A844C8E31C3F966F00DFC213 /* 01_TapIncrement.app */,
			);
			name = Products;
			sourceTree = "<group>";
		};
		A844C8E51C3F966F00DFC213 /* 01_TapIncrement */ = {
			isa = PBXGroup;
			children = (
				A844C8E61C3F966F00DFC213 /* AppDelegate.swift */,
				A844C8E81C3F966F00DFC213 /* ViewController.swift */,
				A844C8EA1C3F966F00DFC213 /* Main.storyboard */,
				A844C8ED1C3F966F00DFC213 /* Assets.xcassets */,
				A844C8EF1C3F966F00DFC213 /* LaunchScreen.storyboard */,
				A844C8F21C3F966F00DFC213 /* Info.plist */,
			);
			path = 01_TapIncrement;
			sourceTree = "<group>";
		};
/* End PBXGroup section */

/* Begin PBXNativeTarget section */
		A844C8E21C3F966F00DFC213 /* 01_TapIncrement */ = {
			isa = PBXNativeTarget;
			buildConfigurationList = A844C8F51C3F966F00DFC213 /* Build configuration list for PBXNativeTarget "01_TapIncrement" */;
			buildPhases = (
				A844C8DF1C3F966F00DFC213 /* Sources */,
				A844C8E01C3F966F00DFC213 /* Frameworks */,
				A844C8E11C3F966F00DFC213 /* Resources */,
			);
			buildRules = (
			);
			dependencies = (
			);
			name = 01_TapIncrement;
			productName = 01_TapIncrement;
			productReference = A844C8E31C3F966F00DFC213 /* 01_TapIncrement.app */;
			productType = "com.apple.product-type.application";
		};
/* End PBXNativeTarget section */

/* Begin PBXProject section */
		A844C8DB1C3F966E00DFC213 /* Project object */ = {
			isa = PBXProject;
			attributes = {
				LastSwiftUpdateCheck = 0720;
				LastUpgradeCheck = 0720;
				ORGANIZATIONNAME = penginryo;
				TargetAttributes = {
					A844C8E21C3F966F00DFC213 = {
						CreatedOnToolsVersion = 7.2;
					};
				};
			};
			buildConfigurationList = A844C8DE1C3F966E00DFC213 /* Build configuration list for PBXProject "01_TapIncrement" */;
			compatibilityVersion = "Xcode 3.2";
			developmentRegion = English;
			hasScannedForEncodings = 0;
			knownRegions = (
				en,
				Base,
			);
			mainGroup = A844C8DA1C3F966E00DFC213;
			productRefGroup = A844C8E41C3F966F00DFC213 /* Products */;
			projectDirPath = "";
			projectRoot = "";
			targets = (
				A844C8E21C3F966F00DFC213 /* 01_TapIncrement */,
			);
		};
/* End PBXProject section */

/* Begin PBXResourcesBuildPhase section */
		A844C8E11C3F966F00DFC213 /* Resources */ = {
			isa = PBXResourcesBuildPhase;
			buildActionMask = 2147483647;
			files = (
				A844C8F11C3F966F00DFC213 /* LaunchScreen.storyboard in Resources */,
				A844C8EE1C3F966F00DFC213 /* Assets.xcassets in Resources */,
				A844C8EC1C3F966F00DFC213 /* Main.storyboard in Resources */,
			);
			runOnlyForDeploymentPostprocessing = 0;
		};
/* End PBXResourcesBuildPhase section */

/* Begin PBXSourcesBuildPhase section */
		A844C8DF1C3F966F00DFC213 /* Sources */ = {
			isa = PBXSourcesBuildPhase;
			buildActionMask = 2147483647;
			files = (
				A844C8E91C3F966F00DFC213 /* ViewController.swift in Sources */,
				A844C8E71C3F966F00DFC213 /* AppDelegate.swift in Sources */,
			);
			runOnlyForDeploymentPostprocessing = 0;
		};
/* End PBXSourcesBuildPhase section */

/* Begin PBXVariantGroup section */
		A844C8EA1C3F966F00DFC213 /* Main.storyboard */ = {
			isa = PBXVariantGroup;
			children = (
				A844C8EB1C3F966F00DFC213 /* Base */,
			);
			name = Main.storyboard;
			sourceTree = "<group>";
		};
		A844C8EF1C3F966F00DFC213 /* LaunchScreen.storyboard */ = {
			isa = PBXVariantGroup;
			children = (
				A844C8F01C3F966F00DFC213 /* Base */,
			);
			name = LaunchScreen.storyboard;
			sourceTree = "<group>";
		};
/* End PBXVariantGroup section */

/* Begin XCBuildConfiguration section */
		A844C8F31C3F966F00DFC213 /* Debug */ = {
			isa = XCBuildConfiguration;
			buildSettings = {
				ALWAYS_SEARCH_USER_PATHS = NO;
				CLANG_CXX_LANGUAGE_STANDARD = "gnu++0x";
				CLANG_CXX_LIBRARY = "libc++";
				CLANG_ENABLE_MODULES = YES;
				CLANG_ENABLE_OBJC_ARC = YES;
				CLANG_WARN_BOOL_CONVERSION = YES;
				CLANG_WARN_CONSTANT_CONVERSION = YES;
				CLANG_WARN_DIRECT_OBJC_ISA_USAGE = YES_ERROR;
				CLANG_WARN_EMPTY_BODY = YES;
				CLANG_WARN_ENUM_CONVERSION = YES;
				CLANG_WARN_INT_CONVERSION = YES;
				CLANG_WARN_OBJC_ROOT_CLASS = YES_ERROR;
				CLANG_WARN_UNREACHABLE_CODE = YES;
				CLANG_WARN__DUPLICATE_METHOD_MATCH = YES;
				"CODE_SIGN_IDENTITY[sdk=iphoneos*]" = "iPhone Developer";
				COPY_PHASE_STRIP = NO;
				DEBUG_INFORMATION_FORMAT = dwarf;
				ENABLE_STRICT_OBJC_MSGSEND = YES;
				ENABLE_TESTABILITY = YES;
				GCC_C_LANGUAGE_STANDARD = gnu99;
				GCC_DYNAMIC_NO_PIC = NO;
				GCC_NO_COMMON_BLOCKS = YES;
				GCC_OPTIMIZATION_LEVEL = 0;
				GCC_PREPROCESSOR_DEFINITIONS = (
					"DEBUG=1",
					"$(inherited)",
				);
				GCC_WARN_64_TO_32_BIT_CONVERSION = YES;
				GCC_WARN_ABOUT_RETURN_TYPE = YES_ERROR;
				GCC_WARN_UNDECLARED_SELECTOR = YES;
				GCC_WARN_UNINITIALIZED_AUTOS = YES_AGGRESSIVE;
				GCC_WARN_UNUSED_FUNCTION = YES;
				GCC_WARN_UNUSED_VARIABLE = YES;
				IPHONEOS_DEPLOYMENT_TARGET = 9.2;
				MTL_ENABLE_DEBUG_INFO = YES;
				ONLY_ACTIVE_ARCH = YES;
				SDKROOT = iphoneos;
				SWIFT_OPTIMIZATION_LEVEL = "-Onone";
			};
			name = Debug;
		};
		A844C8F41C3F966F00DFC213 /* Release */ = {
			isa = XCBuildConfiguration;
			buildSettings = {
				ALWAYS_SEARCH_USER_PATHS = NO;
				CLANG_CXX_LANGUAGE_STANDARD = "gnu++0x";
				CLANG_CXX_LIBRARY = "libc++";
				CLANG_ENABLE_MODULES = YES;
				CLANG_ENABLE_OBJC_ARC = YES;
				CLANG_WARN_BOOL_CONVERSION = YES;
				CLANG_WARN_CONSTANT_CONVERSION = YES;
				CLANG_WARN_DIRECT_OBJC_ISA_USAGE = YES_ERROR;
				CLANG_WARN_EMPTY_BODY = YES;
				CLANG_WARN_ENUM_CONVERSION = YES;
				CLANG_WARN_INT_CONVERSION = YES;
				CLANG_WARN_OBJC_ROOT_CLASS = YES_ERROR;
				CLANG_WARN_UNREACHABLE_CODE = YES;
				CLANG_WARN__DUPLICATE_METHOD_MATCH = YES;
				"CODE_SIGN_IDENTITY[sdk=iphoneos*]" = "iPhone Developer";
				COPY_PHASE_STRIP = NO;
				DEBUG_INFORMATION_FORMAT = "dwarf-with-dsym";
				ENABLE_NS_ASSERTIONS = NO;
				ENABLE_STRICT_OBJC_MSGSEND = YES;
				GCC_C_LANGUAGE_STANDARD = gnu99;
				GCC_NO_COMMON_BLOCKS = YES;
				GCC_WARN_64_TO_32_BIT_CONVERSION = YES;
				GCC_WARN_ABOUT_RETURN_TYPE = YES_ERROR;
				GCC_WARN_UNDECLARED_SELECTOR = YES;
				GCC_WARN_UNINITIALIZED_AUTOS = YES_AGGRESSIVE;
				GCC_WARN_UNUSED_FUNCTION = YES;
				GCC_WARN_UNUSED_VARIABLE = YES;
				IPHONEOS_DEPLOYMENT_TARGET = 9.2;
				MTL_ENABLE_DEBUG_INFO = NO;
				SDKROOT = iphoneos;
				VALIDATE_PRODUCT = YES;
			};
			name = Release;
		};
		A844C8F61C3F966F00DFC213 /* Debug */ = {
			isa = XCBuildConfiguration;
			buildSettings = {
				ASSETCATALOG_COMPILER_APPICON_NAME = AppIcon;
				INFOPLIST_FILE = 01_TapIncrement/Info.plist;
				LD_RUNPATH_SEARCH_PATHS = "$(inherited) @executable_path/Frameworks";
				PRODUCT_BUNDLE_IDENTIFIER = "com.penginryo.-1-TapIncrement";
				PRODUCT_NAME = "$(TARGET_NAME)";
			};
			name = Debug;
		};
		A844C8F71C3F966F00DFC213 /* Release */ = {
			isa = XCBuildConfiguration;
			buildSettings = {
				ASSETCATALOG_COMPILER_APPICON_NAME = AppIcon;
				INFOPLIST_FILE = 01_TapIncrement/Info.plist;
				LD_RUNPATH_SEARCH_PATHS = "$(inherited) @executable_path/Frameworks";
				PRODUCT_BUNDLE_IDENTIFIER = "com.penginryo.-1-TapIncrement";
				PRODUCT_NAME = "$(TARGET_NAME)";
			};
			name = Release;
		};
/* End XCBuildConfiguration section */

/* Begin XCConfigurationList section */
		A844C8DE1C3F966E00DFC213 /* Build configuration list for PBXProject "01_TapIncrement" */ = {
			isa = XCConfigurationList;
			buildConfigurations = (
				A844C8F31C3F966F00DFC213 /* Debug */,
				A844C8F41C3F966F00DFC213 /* Release */,
			);
			defaultConfigurationIsVisible = 0;
			defaultConfigurationName = Release;
		};
		A844C8F51C3F966F00DFC213 /* Build configuration list for PBXNativeTarget "01_TapIncrement" */ = {
			isa = XCConfigurationList;
			buildConfigurations = (
				A844C8F61C3F966F00DFC213 /* Debug */,
				A844C8F71C3F966F00DFC213 /* Release */,
			);
			defaultConfigurationIsVisible = 0;
		};
/* End XCConfigurationList section */
	};
	rootObject = A844C8DB1C3F966E00DFC213 /* Project object */;
}
